<?xml version="1.0" encoding="utf-8"?>
<Project ToolsVersion="4.0" xmlns="http://schemas.microsoft.com/developer/msbuild/2003">
  <ItemGroup>
    <Filter Include="src">
      <UniqueIdentifier>{5184ef91-0f4d-4dc6-98e9-688716fdf2c9}</UniqueIdentifier>
    </Filter>
    <Filter Include="res">
      <UniqueIdentifier>{f776a505-ed19-4232-8859-d11ad7cc4161}</UniqueIdentifier>
    </Filter>
  </ItemGroup>
  <ItemGroup>
    <ClCompile Include="..\src\main.cpp">
      <Filter>src</Filter>
    </ClCompile>
  </ItemGroup>
  <ItemGroup>
    <Image Include="..\res\icon1.png">
      <Filter>res</Filter>
    </Image>
    <Image Include="icon1.ico" />
    <Image Include="..\res\icon2.png" />
    <Image Include="..\res\icon1.ico" />
  </ItemGroup>
  <ItemGroup>
    <ResourceCompile Include="JoyCursor.rc">
      <Filter>res</Filter>
    </ResourceCompile>
  </ItemGroup>
  <ItemGroup>
    <ClInclude Include="resource.h">
      <Filter>res</Filter>
    </ClInclude>
  </ItemGroup>
</Project>